
Microsoft Visual Studio Solution File, Format Version 12.00
# Visual Studio Version 17
VisualStudioVersion = 17.8.34330.188
MinimumVisualStudioVersion = 10.0.40219.1
Project("{FAE04EC0-301F-11D3-BF4B-00C04F79EFBC}") = "NextIT_RomanM", "NextIT_RomanM.csproj", "{48511EF7-CB8B-4F84-A506-0B3EF561F4D4}"
EndProject
Global
	GlobalSection(SolutionConfigurationPlatforms) = preSolution
		Debug|Any CPU = Debug|Any CPU
		Release|Any CPU = Release|Any CPU
	EndGlobalSection
	GlobalSection(ProjectConfigurationPlatforms) = postSolution
		{48511EF7-CB8B-4F84-A506-0B3EF561F4D4}.Debug|Any CPU.ActiveCfg = Debug|Any CPU
		{48511EF7-CB8B-4F84-A506-0B3EF561F4D4}.Debug|Any CPU.Build.0 = Debug|Any CPU
		{48511EF7-CB8B-4F84-A506-0B3EF561F4D4}.Release|Any CPU.ActiveCfg = Release|Any CPU
		{48511EF7-CB8B-4F84-A506-0B3EF561F4D4}.Release|Any CPU.Build.0 = Release|Any CPU
	EndGlobalSection
	GlobalSection(SolutionProperties) = preSolution
		HideSolutionNode = FALSE
	EndGlobalSection
	GlobalSection(ExtensibilityGlobals) = postSolution
		SolutionGuid = {DAD1C7B4-971D-4616-86B7-E7E6E0D1689B}
	EndGlobalSection
EndGlobal
